%{
  "earmark": {:hex, :earmark, "1.2.6", "b6da42b3831458d3ecc57314dff3051b080b9b2be88c2e5aa41cd642a5b044ed", [:mix], [], "hexpm", "b42a23e9bd92d65d16db2f75553982e58519054095356a418bb8320bbacb58b1"},
  "ex_doc": {:hex, :ex_doc, "0.19.1", "519bb9c19526ca51d326c060cb1778d4a9056b190086a8c6c115828eaccea6cf", [:mix], [{:earmark, "~> 1.1", [hex: :earmark, repo: "hexpm", optional: false]}, {:makeup_elixir, "~> 0.7", [hex: :makeup_elixir, repo: "hexpm", optional: false]}], "hexpm", "dc87f778d8260da0189a622f62790f6202af72f2f3dee6e78d91a18dd2fcd137"},
  "html_entities": {:hex, :html_entities, "0.5.1", "1c9715058b42c35a2ab65edc5b36d0ea66dd083767bef6e3edb57870ef556549", [:mix], [], "hexpm", "30efab070904eb897ff05cd52fa61c1025d7f8ef3a9ca250bc4e6513d16c32de"},
  "makeup": {:hex, :makeup, "0.5.5", "9e08dfc45280c5684d771ad58159f718a7b5788596099bdfb0284597d368a882", [:mix], [{:nimble_parsec, "~> 0.4", [hex: :nimble_parsec, repo: "hexpm", optional: false]}], "hexpm", "d7152ff93f2eac07905f510dfa03397134345ba4673a00fbf7119bab98632940"},
  "makeup_elixir": {:hex, :makeup_elixir, "0.10.0", "0f09c2ddf352887a956d84f8f7e702111122ca32fbbc84c2f0569b8b65cbf7fa", [:mix], [{:makeup, "~> 0.5.5", [hex: :makeup, repo: "hexpm", optional: false]}], "hexpm", "4a36dd2d0d5c5f98d95b3f410d7071cd661d5af310472229dd0e92161f168a44"},
  "nimble_parsec": {:hex, :nimble_parsec, "0.4.0", "ee261bb53214943679422be70f1658fff573c5d0b0a1ecd0f18738944f818efe", [:mix], [], "hexpm", "ebb595e19456a72786db6dcd370d320350cb624f0b6203fcc7e23161d49b0ffb"},
  "parsey": {:hex, :parsey, "0.0.3", "0a736c0179886c533c97edb24e7ffe410077ef88d5d5db7313f4cd15fde4cf8f", [:mix], [], "hexpm", "49713435e11ee17c753292faf40beb57051d634339a47bfe2014e1e90126e9af"},
  "simple_markdown": {:hex, :simple_markdown, "0.6.0", "28934bd84afcbcdf10ab03ce6c89d4e550d87a17b5376a62cafbe52184bb486e", [:mix], [{:html_entities, "~> 0.3", [hex: :html_entities, repo: "hexpm", optional: false]}, {:parsey, "~> 0.0.3", [hex: :parsey, repo: "hexpm", optional: false]}], "hexpm", "cd501c5d94430d909852a33eba1c74515fa26f2e01c744735c60e1b11d7af95d"},
}
